{
  "version": 1,
  "dependencies": {
    "net7.0": {
      "CheapLoc": {
        "type": "Direct",
        "requested": "[1.1.8, )",
        "resolved": "1.1.8",
        "contentHash": "b6p8ct7RuSspsNB8kOSCNDv7l7PsDrdaxrbtLcC5PfWK5hquRenFugV/yHhfhd2rH4B28+TaBqVxi8qCfvtQZg==",
        "dependencies": {
          "Mono.Cecil": "0.11.3",
          "Newtonsoft.Json": "12.0.2"
        }
      },
      "DalamudPackager": {
        "type": "Direct",
        "requested": "[2.1.10, )",
        "resolved": "2.1.10",
        "contentHash": "S6NrvvOnLgT4GDdgwuKVJjbFo+8ZEj+JsEYk9ojjOR/MMfv1dIFpT8aRJQfI24rtDcw1uF+GnSSMN4WW1yt7fw=="
      },
      "Mono.Cecil": {
        "type": "Transitive",
        "resolved": "0.11.3",
        "contentHash": "DNYE+io5XfEE8+E+5padThTPHJARJHbz1mhbhMPNrrWGKVKKqj/KEeLvbawAmbIcT73NuxLV7itHZaYCZcVWGg=="
      },
      "Newtonsoft.Json": {
        "type": "Transitive",
        "resolved": "12.0.2",
        "contentHash": "rTK0s2EKlfHsQsH6Yx2smvcTCeyoDNgCW7FEYyV01drPlh2T243PR2DiDXqtC5N4GDm4Ma/lkxfW5a/4793vbA=="
      }
    }
  }
}